
Microsoft Visual Studio Solution File, Format Version 12.00
# Visual Studio Version 16
VisualStudioVersion = 16.0.29709.97
MinimumVisualStudioVersion = 10.0.40219.1
Project("{9A19103F-16F7-4668-BE54-9A1E7A4F7556}") = "DebugOnProdC31", "DebugOnProdC31\DebugOnProdC31.csproj", "{EF603303-E329-402A-8525-345BEF61808F}"
EndProject
Project("{FAE04EC0-301F-11D3-BF4B-00C04F79EFBC}") = "DebugOnProdF452", "DebugOnProdF452\DebugOnProdF452.csproj", "{0AE3A833-08AD-4C08-A4E7-87E404ACBA5C}"
EndProject
Global
	GlobalSection(SolutionConfigurationPlatforms) = preSolution
		Debug|Any CPU = Debug|Any CPU
		Release|Any CPU = Release|Any CPU
	EndGlobalSection
	GlobalSection(ProjectConfigurationPlatforms) = postSolution
		{EF603303-E329-402A-8525-345BEF61808F}.Debug|Any CPU.ActiveCfg = Debug|Any CPU
		{EF603303-E329-402A-8525-345BEF61808F}.Debug|Any CPU.Build.0 = Debug|Any CPU
		{EF603303-E329-402A-8525-345BEF61808F}.Release|Any CPU.ActiveCfg = Release|Any CPU
		{EF603303-E329-402A-8525-345BEF61808F}.Release|Any CPU.Build.0 = Release|Any CPU
		{0AE3A833-08AD-4C08-A4E7-87E404ACBA5C}.Debug|Any CPU.ActiveCfg = Debug|Any CPU
		{0AE3A833-08AD-4C08-A4E7-87E404ACBA5C}.Debug|Any CPU.Build.0 = Debug|Any CPU
		{0AE3A833-08AD-4C08-A4E7-87E404ACBA5C}.Release|Any CPU.ActiveCfg = Release|Any CPU
		{0AE3A833-08AD-4C08-A4E7-87E404ACBA5C}.Release|Any CPU.Build.0 = Release|Any CPU
	EndGlobalSection
	GlobalSection(SolutionProperties) = preSolution
		HideSolutionNode = FALSE
	EndGlobalSection
	GlobalSection(ExtensibilityGlobals) = postSolution
		SolutionGuid = {4A1A27B1-239F-4549-8111-4A416686DAA1}
	EndGlobalSection
EndGlobal
